
Microsoft Visual Studio Solution File, Format Version 12.00
# Visual Studio Version 17
VisualStudioVersion = 17.10.35013.160
MinimumVisualStudioVersion = 10.0.40219.1
Project("{FAE04EC0-301F-11D3-BF4B-00C04F79EFBC}") = "var_Deep_Dive", "var_Deep_Dive.csproj", "{D47EA070-5325-47E9-B1B3-C7E424B8AC33}"
EndProject
Global
	GlobalSection(SolutionConfigurationPlatforms) = preSolution
		Debug|Any CPU = Debug|Any CPU
		Release|Any CPU = Release|Any CPU
	EndGlobalSection
	GlobalSection(ProjectConfigurationPlatforms) = postSolution
		{D47EA070-5325-47E9-B1B3-C7E424B8AC33}.Debug|Any CPU.ActiveCfg = Debug|Any CPU
		{D47EA070-5325-47E9-B1B3-C7E424B8AC33}.Debug|Any CPU.Build.0 = Debug|Any CPU
		{D47EA070-5325-47E9-B1B3-C7E424B8AC33}.Release|Any CPU.ActiveCfg = Release|Any CPU
		{D47EA070-5325-47E9-B1B3-C7E424B8AC33}.Release|Any CPU.Build.0 = Release|Any CPU
	EndGlobalSection
	GlobalSection(SolutionProperties) = preSolution
		HideSolutionNode = FALSE
	EndGlobalSection
	GlobalSection(ExtensibilityGlobals) = postSolution
		SolutionGuid = {A13FF8BA-EB68-4CA4-B9ED-187D49B1D85C}
	EndGlobalSection
EndGlobal
