
Microsoft Visual Studio Solution File, Format Version 12.00
# Visual Studio Version 17
VisualStudioVersion = 17.10.35013.160
MinimumVisualStudioVersion = 10.0.40219.1
Project("{9A19103F-16F7-4668-BE54-9A1E7A4F7556}") = "Advanced_SOLID_Patterns_Implementation", "Advanced_SOLID_Patterns_Implementation.csproj", "{A980B5C2-EA18-4003-8000-1C121DEA2F7F}"
EndProject
Project("{FAE04EC0-301F-11D3-BF4B-00C04F79EFBC}") = "Advanced_SOLID_Patterns_Implementation.Tests", "Advanced_SOLID_Patterns_Implementation.Tests\Advanced_SOLID_Patterns_Implementation.Tests.csproj", "{2BB7C4E1-53B4-4766-97F7-6EE295B81B92}"
EndProject
Global
	GlobalSection(SolutionConfigurationPlatforms) = preSolution
		Debug|Any CPU = Debug|Any CPU
		Release|Any CPU = Release|Any CPU
	EndGlobalSection
	GlobalSection(ProjectConfigurationPlatforms) = postSolution
		{A980B5C2-EA18-4003-8000-1C121DEA2F7F}.Debug|Any CPU.ActiveCfg = Debug|Any CPU
		{A980B5C2-EA18-4003-8000-1C121DEA2F7F}.Debug|Any CPU.Build.0 = Debug|Any CPU
		{A980B5C2-EA18-4003-8000-1C121DEA2F7F}.Release|Any CPU.ActiveCfg = Release|Any CPU
		{A980B5C2-EA18-4003-8000-1C121DEA2F7F}.Release|Any CPU.Build.0 = Release|Any CPU
		{2BB7C4E1-53B4-4766-97F7-6EE295B81B92}.Debug|Any CPU.ActiveCfg = Debug|Any CPU
		{2BB7C4E1-53B4-4766-97F7-6EE295B81B92}.Debug|Any CPU.Build.0 = Debug|Any CPU
		{2BB7C4E1-53B4-4766-97F7-6EE295B81B92}.Release|Any CPU.ActiveCfg = Release|Any CPU
		{2BB7C4E1-53B4-4766-97F7-6EE295B81B92}.Release|Any CPU.Build.0 = Release|Any CPU
	EndGlobalSection
	GlobalSection(SolutionProperties) = preSolution
		HideSolutionNode = FALSE
	EndGlobalSection
	GlobalSection(ExtensibilityGlobals) = postSolution
		SolutionGuid = {889E8FA6-881B-461F-A1FD-9F11F1413D18}
	EndGlobalSection
EndGlobal
