
Microsoft Visual Studio Solution File, Format Version 12.00
# Visual Studio Version 17
VisualStudioVersion = 17.11.35222.181
MinimumVisualStudioVersion = 10.0.40219.1
Project("{FAE04EC0-301F-11D3-BF4B-00C04F79EFBC}") = "LazyEvaluation", "LazyEvaluation.csproj", "{35EC9817-72AB-478D-B10F-B9CF651C58EF}"
EndProject
Global
	GlobalSection(SolutionConfigurationPlatforms) = preSolution
		Debug|Any CPU = Debug|Any CPU
		Release|Any CPU = Release|Any CPU
	EndGlobalSection
	GlobalSection(ProjectConfigurationPlatforms) = postSolution
		{35EC9817-72AB-478D-B10F-B9CF651C58EF}.Debug|Any CPU.ActiveCfg = Debug|Any CPU
		{35EC9817-72AB-478D-B10F-B9CF651C58EF}.Debug|Any CPU.Build.0 = Debug|Any CPU
		{35EC9817-72AB-478D-B10F-B9CF651C58EF}.Release|Any CPU.ActiveCfg = Release|Any CPU
		{35EC9817-72AB-478D-B10F-B9CF651C58EF}.Release|Any CPU.Build.0 = Release|Any CPU
	EndGlobalSection
	GlobalSection(SolutionProperties) = preSolution
		HideSolutionNode = FALSE
	EndGlobalSection
	GlobalSection(ExtensibilityGlobals) = postSolution
		SolutionGuid = {87942285-2510-405B-8234-D41E975FB659}
	EndGlobalSection
EndGlobal
