
Microsoft Visual Studio Solution File, Format Version 12.00
# Visual Studio Version 17
VisualStudioVersion = 17.10.35013.160
MinimumVisualStudioVersion = 10.0.40219.1
Project("{FAE04EC0-301F-11D3-BF4B-00C04F79EFBC}") = "Async_Programming", "Async_Programming.csproj", "{B9ED80D5-D88E-46A2-B140-4E720C5C58BA}"
EndProject
Global
	GlobalSection(SolutionConfigurationPlatforms) = preSolution
		Debug|Any CPU = Debug|Any CPU
		Release|Any CPU = Release|Any CPU
	EndGlobalSection
	GlobalSection(ProjectConfigurationPlatforms) = postSolution
		{B9ED80D5-D88E-46A2-B140-4E720C5C58BA}.Debug|Any CPU.ActiveCfg = Debug|Any CPU
		{B9ED80D5-D88E-46A2-B140-4E720C5C58BA}.Debug|Any CPU.Build.0 = Debug|Any CPU
		{B9ED80D5-D88E-46A2-B140-4E720C5C58BA}.Release|Any CPU.ActiveCfg = Release|Any CPU
		{B9ED80D5-D88E-46A2-B140-4E720C5C58BA}.Release|Any CPU.Build.0 = Release|Any CPU
	EndGlobalSection
	GlobalSection(SolutionProperties) = preSolution
		HideSolutionNode = FALSE
	EndGlobalSection
	GlobalSection(ExtensibilityGlobals) = postSolution
		SolutionGuid = {527823A5-3215-4899-966E-542BE46B3206}
	EndGlobalSection
EndGlobal
