
Microsoft Visual Studio Solution File, Format Version 12.00
# Visual Studio Version 17
VisualStudioVersion = 17.14.36202.13 d17.14
MinimumVisualStudioVersion = 10.0.40219.1
Project("{FAE04EC0-301F-11D3-BF4B-00C04F79EFBC}") = "Basic_Debugging", "Basic_Debugging\Basic_Debugging.csproj", "{B20FF825-7A57-4F65-B6DB-90C3D79334C3}"
EndProject
Global
	GlobalSection(SolutionConfigurationPlatforms) = preSolution
		Debug|Any CPU = Debug|Any CPU
		Release|Any CPU = Release|Any CPU
	EndGlobalSection
	GlobalSection(ProjectConfigurationPlatforms) = postSolution
		{B20FF825-7A57-4F65-B6DB-90C3D79334C3}.Debug|Any CPU.ActiveCfg = Debug|Any CPU
		{B20FF825-7A57-4F65-B6DB-90C3D79334C3}.Debug|Any CPU.Build.0 = Debug|Any CPU
		{B20FF825-7A57-4F65-B6DB-90C3D79334C3}.Release|Any CPU.ActiveCfg = Release|Any CPU
		{B20FF825-7A57-4F65-B6DB-90C3D79334C3}.Release|Any CPU.Build.0 = Release|Any CPU
	EndGlobalSection
	GlobalSection(SolutionProperties) = preSolution
		HideSolutionNode = FALSE
	EndGlobalSection
	GlobalSection(ExtensibilityGlobals) = postSolution
		SolutionGuid = {BD9A1EFA-6390-4209-B511-36E48413165E}
	EndGlobalSection
EndGlobal
