
Microsoft Visual Studio Solution File, Format Version 12.00
# Visual Studio Version 17
VisualStudioVersion = 17.11.35222.181
MinimumVisualStudioVersion = 10.0.40219.1
Project("{FAE04EC0-301F-11D3-BF4B-00C04F79EFBC}") = "Pattern_Recognition_Implementation", "Pattern_Recognition_Implementation.csproj", "{3E56DC3A-966F-42A2-9B5C-03186D8B3F8B}"
EndProject
Global
	GlobalSection(SolutionConfigurationPlatforms) = preSolution
		Debug|Any CPU = Debug|Any CPU
		Release|Any CPU = Release|Any CPU
	EndGlobalSection
	GlobalSection(ProjectConfigurationPlatforms) = postSolution
		{3E56DC3A-966F-42A2-9B5C-03186D8B3F8B}.Debug|Any CPU.ActiveCfg = Debug|Any CPU
		{3E56DC3A-966F-42A2-9B5C-03186D8B3F8B}.Debug|Any CPU.Build.0 = Debug|Any CPU
		{3E56DC3A-966F-42A2-9B5C-03186D8B3F8B}.Release|Any CPU.ActiveCfg = Release|Any CPU
		{3E56DC3A-966F-42A2-9B5C-03186D8B3F8B}.Release|Any CPU.Build.0 = Release|Any CPU
	EndGlobalSection
	GlobalSection(SolutionProperties) = preSolution
		HideSolutionNode = FALSE
	EndGlobalSection
	GlobalSection(ExtensibilityGlobals) = postSolution
		SolutionGuid = {FC01BCDF-7AF9-465D-B673-01C1A18587F2}
	EndGlobalSection
EndGlobal
