
Microsoft Visual Studio Solution File, Format Version 12.00
# Visual Studio Version 17
VisualStudioVersion = 17.14.36202.13 d17.14
MinimumVisualStudioVersion = 10.0.40219.1
Project("{FAE04EC0-301F-11D3-BF4B-00C04F79EFBC}") = "Reactive_Extensions_Rx.NET", "Reactive_Extensions_Rx.NET.csproj", "{7C80BB52-A45A-4D03-A640-FFC1025047CD}"
EndProject
Global
	GlobalSection(SolutionConfigurationPlatforms) = preSolution
		Debug|Any CPU = Debug|Any CPU
		Release|Any CPU = Release|Any CPU
	EndGlobalSection
	GlobalSection(ProjectConfigurationPlatforms) = postSolution
		{7C80BB52-A45A-4D03-A640-FFC1025047CD}.Debug|Any CPU.ActiveCfg = Debug|Any CPU
		{7C80BB52-A45A-4D03-A640-FFC1025047CD}.Debug|Any CPU.Build.0 = Debug|Any CPU
		{7C80BB52-A45A-4D03-A640-FFC1025047CD}.Release|Any CPU.ActiveCfg = Release|Any CPU
		{7C80BB52-A45A-4D03-A640-FFC1025047CD}.Release|Any CPU.Build.0 = Release|Any CPU
	EndGlobalSection
	GlobalSection(SolutionProperties) = preSolution
		HideSolutionNode = FALSE
	EndGlobalSection
	GlobalSection(ExtensibilityGlobals) = postSolution
		SolutionGuid = {82F3F829-40CD-4F6B-8EAB-5FBD8973B2F8}
	EndGlobalSection
EndGlobal
