
Microsoft Visual Studio Solution File, Format Version 12.00
# Visual Studio Version 17
VisualStudioVersion = 17.10.35013.160
MinimumVisualStudioVersion = 10.0.40219.1
Project("{FAE04EC0-301F-11D3-BF4B-00C04F79EFBC}") = "ref_out_Deep_Comparision", "ref_out_Deep_Comparision.csproj", "{06388300-3FA5-4F2C-840F-0AEBF9AE94C1}"
EndProject
Global
	GlobalSection(SolutionConfigurationPlatforms) = preSolution
		Debug|Any CPU = Debug|Any CPU
		Release|Any CPU = Release|Any CPU
	EndGlobalSection
	GlobalSection(ProjectConfigurationPlatforms) = postSolution
		{06388300-3FA5-4F2C-840F-0AEBF9AE94C1}.Debug|Any CPU.ActiveCfg = Debug|Any CPU
		{06388300-3FA5-4F2C-840F-0AEBF9AE94C1}.Debug|Any CPU.Build.0 = Debug|Any CPU
		{06388300-3FA5-4F2C-840F-0AEBF9AE94C1}.Release|Any CPU.ActiveCfg = Release|Any CPU
		{06388300-3FA5-4F2C-840F-0AEBF9AE94C1}.Release|Any CPU.Build.0 = Release|Any CPU
	EndGlobalSection
	GlobalSection(SolutionProperties) = preSolution
		HideSolutionNode = FALSE
	EndGlobalSection
	GlobalSection(ExtensibilityGlobals) = postSolution
		SolutionGuid = {A1DFEBF2-F14C-488B-87CC-56AE78FBA831}
	EndGlobalSection
EndGlobal
